// !$*UTF8*$!
{
	archiveVersion = 1;
	classes = {
	};
	objectVersion = 50;
	objects = {

/* Begin PBXBuildFile section */
		9253D23227189E5200391EC3 /* UserDefaultValues.swift in Sources */ = {isa = PBXBuildFile; fileRef = 9253D23127189E5200391EC3 /* UserDefaultValues.swift */; };
		9253D23A2718BBB600391EC3 /* RankView.swift in Sources */ = {isa = PBXBuildFile; fileRef = 9253D2392718BBB600391EC3 /* RankView.swift */; };
		92785954271617370017BD5C /* AppDelegate.swift in Sources */ = {isa = PBXBuildFile; fileRef = 92785953271617370017BD5C /* AppDelegate.swift */; };
		92785958271617370017BD5C /* ListViewController.swift in Sources */ = {isa = PBXBuildFile; fileRef = 92785957271617370017BD5C /* ListViewController.swift */; };
		9278595D2716173F0017BD5C /* Assets.xcassets in Resources */ = {isa = PBXBuildFile; fileRef = 9278595C2716173F0017BD5C /* Assets.xcassets */; };
		927859602716173F0017BD5C /* LaunchScreen.storyboard in Resources */ = {isa = PBXBuildFile; fileRef = 9278595E2716173F0017BD5C /* LaunchScreen.storyboard */; };
		9278596B2716173F0017BD5C /* TheForkTechnicalTestTests.swift in Sources */ = {isa = PBXBuildFile; fileRef = 9278596A2716173F0017BD5C /* TheForkTechnicalTestTests.swift */; };
		927859762716173F0017BD5C /* TheForkTechnicalTestUITests.swift in Sources */ = {isa = PBXBuildFile; fileRef = 927859752716173F0017BD5C /* TheForkTechnicalTestUITests.swift */; };
		9278599F271619990017BD5C /* BaseRequest.swift in Sources */ = {isa = PBXBuildFile; fileRef = 9278599E271619990017BD5C /* BaseRequest.swift */; };
		927859A4271619DC0017BD5C /* StringExtension.swift in Sources */ = {isa = PBXBuildFile; fileRef = 927859A3271619DC0017BD5C /* StringExtension.swift */; };
		927859A927161A080017BD5C /* Localizable.strings in Resources */ = {isa = PBXBuildFile; fileRef = 927859A827161A080017BD5C /* Localizable.strings */; };
		927859CD27161B2A0017BD5C /* RestaurantListService.swift in Sources */ = {isa = PBXBuildFile; fileRef = 927859CC27161B2A0017BD5C /* RestaurantListService.swift */; };
		927859D227161BE20017BD5C /* Restaurant.swift in Sources */ = {isa = PBXBuildFile; fileRef = 927859D127161BE20017BD5C /* Restaurant.swift */; };
		927859D7271620540017BD5C /* Environment.swift in Sources */ = {isa = PBXBuildFile; fileRef = 927859D6271620540017BD5C /* Environment.swift */; };
		927859DC2717374A0017BD5C /* Coordinator.swift in Sources */ = {isa = PBXBuildFile; fileRef = 927859DB2717374A0017BD5C /* Coordinator.swift */; };
		927859E1271737530017BD5C /* MainCoordinator.swift in Sources */ = {isa = PBXBuildFile; fileRef = 927859E0271737530017BD5C /* MainCoordinator.swift */; };
		927859E62717378C0017BD5C /* RestaurantsViewModel.swift in Sources */ = {isa = PBXBuildFile; fileRef = 927859E52717378C0017BD5C /* RestaurantsViewModel.swift */; };
		927859F127173C590017BD5C /* RestaurantCell.swift in Sources */ = {isa = PBXBuildFile; fileRef = 927859F027173C590017BD5C /* RestaurantCell.swift */; };
		927859F627173EDC0017BD5C /* RestaurantServiceDelegate.swift in Sources */ = {isa = PBXBuildFile; fileRef = 927859F527173EDC0017BD5C /* RestaurantServiceDelegate.swift */; };
		927859FB271740D40017BD5C /* ThreadExtension.swift in Sources */ = {isa = PBXBuildFile; fileRef = 927859FA271740D40017BD5C /* ThreadExtension.swift */; };
		92785A00271748C80017BD5C /* UIViewControllerExtension.swift in Sources */ = {isa = PBXBuildFile; fileRef = 927859FF271748C80017BD5C /* UIViewControllerExtension.swift */; };
		92785A05271768330017BD5C /* ImageLoader.swift in Sources */ = {isa = PBXBuildFile; fileRef = 92785A04271768330017BD5C /* ImageLoader.swift */; };
		92785A0A271768740017BD5C /* UIImageViewExtension.swift in Sources */ = {isa = PBXBuildFile; fileRef = 92785A09271768740017BD5C /* UIImageViewExtension.swift */; };
		92785A0F271768C80017BD5C /* OptionalExtension.swift in Sources */ = {isa = PBXBuildFile; fileRef = 92785A0E271768C80017BD5C /* OptionalExtension.swift */; };
		92785A142717852D0017BD5C /* RestaurantDTO.swift in Sources */ = {isa = PBXBuildFile; fileRef = 92785A132717852D0017BD5C /* RestaurantDTO.swift */; };
/* End PBXBuildFile section */

/* Begin PBXContainerItemProxy section */
		927859672716173F0017BD5C /* PBXContainerItemProxy */ = {
			isa = PBXContainerItemProxy;
			containerPortal = 92785948271617370017BD5C /* Project object */;
			proxyType = 1;
			remoteGlobalIDString = 9278594F271617370017BD5C;
			remoteInfo = TheForkTechnicalTest;
		};
		927859722716173F0017BD5C /* PBXContainerItemProxy */ = {
			isa = PBXContainerItemProxy;
			containerPortal = 92785948271617370017BD5C /* Project object */;
			proxyType = 1;
			remoteGlobalIDString = 9278594F271617370017BD5C;
			remoteInfo = TheForkTechnicalTest;
		};
/* End PBXContainerItemProxy section */

/* Begin PBXFileReference section */
		9253D23127189E5200391EC3 /* UserDefaultValues.swift */ = {isa = PBXFileReference; lastKnownFileType = sourcecode.swift; path = UserDefaultValues.swift; sourceTree = "<group>"; };
		9253D2392718BBB600391EC3 /* RankView.swift */ = {isa = PBXFileReference; lastKnownFileType = sourcecode.swift; path = RankView.swift; sourceTree = "<group>"; };
		92785950271617370017BD5C /* TheForkTechnicalTest.app */ = {isa = PBXFileReference; explicitFileType = wrapper.application; includeInIndex = 0; path = TheForkTechnicalTest.app; sourceTree = BUILT_PRODUCTS_DIR; };
		92785953271617370017BD5C /* AppDelegate.swift */ = {isa = PBXFileReference; lastKnownFileType = sourcecode.swift; path = AppDelegate.swift; sourceTree = "<group>"; };
		92785957271617370017BD5C /* ListViewController.swift */ = {isa = PBXFileReference; lastKnownFileType = sourcecode.swift; path = ListViewController.swift; sourceTree = "<group>"; };
		9278595C2716173F0017BD5C /* Assets.xcassets */ = {isa = PBXFileReference; lastKnownFileType = folder.assetcatalog; path = Assets.xcassets; sourceTree = "<group>"; };
		9278595F2716173F0017BD5C /* Base */ = {isa = PBXFileReference; lastKnownFileType = file.storyboard; name = Base; path = Base.lproj/LaunchScreen.storyboard; sourceTree = "<group>"; };
		927859612716173F0017BD5C /* Info.plist */ = {isa = PBXFileReference; lastKnownFileType = text.plist.xml; path = Info.plist; sourceTree = "<group>"; };
		927859662716173F0017BD5C /* TheForkTechnicalTestTests.xctest */ = {isa = PBXFileReference; explicitFileType = wrapper.cfbundle; includeInIndex = 0; path = TheForkTechnicalTestTests.xctest; sourceTree = BUILT_PRODUCTS_DIR; };
		9278596A2716173F0017BD5C /* TheForkTechnicalTestTests.swift */ = {isa = PBXFileReference; lastKnownFileType = sourcecode.swift; path = TheForkTechnicalTestTests.swift; sourceTree = "<group>"; };
		9278596C2716173F0017BD5C /* Info.plist */ = {isa = PBXFileReference; lastKnownFileType = text.plist.xml; path = Info.plist; sourceTree = "<group>"; };
		927859712716173F0017BD5C /* TheForkTechnicalTestUITests.xctest */ = {isa = PBXFileReference; explicitFileType = wrapper.cfbundle; includeInIndex = 0; path = TheForkTechnicalTestUITests.xctest; sourceTree = BUILT_PRODUCTS_DIR; };
		927859752716173F0017BD5C /* TheForkTechnicalTestUITests.swift */ = {isa = PBXFileReference; lastKnownFileType = sourcecode.swift; path = TheForkTechnicalTestUITests.swift; sourceTree = "<group>"; };
		927859772716173F0017BD5C /* Info.plist */ = {isa = PBXFileReference; lastKnownFileType = text.plist.xml; path = Info.plist; sourceTree = "<group>"; };
		9278599E271619990017BD5C /* BaseRequest.swift */ = {isa = PBXFileReference; lastKnownFileType = sourcecode.swift; path = BaseRequest.swift; sourceTree = "<group>"; };
		927859A3271619DC0017BD5C /* StringExtension.swift */ = {isa = PBXFileReference; lastKnownFileType = sourcecode.swift; path = StringExtension.swift; sourceTree = "<group>"; };
		927859A827161A080017BD5C /* Localizable.strings */ = {isa = PBXFileReference; lastKnownFileType = text.plist.strings; path = Localizable.strings; sourceTree = "<group>"; };
		927859CC27161B2A0017BD5C /* RestaurantListService.swift */ = {isa = PBXFileReference; lastKnownFileType = sourcecode.swift; path = RestaurantListService.swift; sourceTree = "<group>"; };
		927859D127161BE20017BD5C /* Restaurant.swift */ = {isa = PBXFileReference; lastKnownFileType = sourcecode.swift; path = Restaurant.swift; sourceTree = "<group>"; };
		927859D6271620540017BD5C /* Environment.swift */ = {isa = PBXFileReference; lastKnownFileType = sourcecode.swift; path = Environment.swift; sourceTree = "<group>"; };
		927859DB2717374A0017BD5C /* Coordinator.swift */ = {isa = PBXFileReference; lastKnownFileType = sourcecode.swift; path = Coordinator.swift; sourceTree = "<group>"; };
		927859E0271737530017BD5C /* MainCoordinator.swift */ = {isa = PBXFileReference; lastKnownFileType = sourcecode.swift; path = MainCoordinator.swift; sourceTree = "<group>"; };
		927859E52717378C0017BD5C /* RestaurantsViewModel.swift */ = {isa = PBXFileReference; lastKnownFileType = sourcecode.swift; path = RestaurantsViewModel.swift; sourceTree = "<group>"; };
		927859F027173C590017BD5C /* RestaurantCell.swift */ = {isa = PBXFileReference; lastKnownFileType = sourcecode.swift; path = RestaurantCell.swift; sourceTree = "<group>"; };
		927859F527173EDC0017BD5C /* RestaurantServiceDelegate.swift */ = {isa = PBXFileReference; lastKnownFileType = sourcecode.swift; path = RestaurantServiceDelegate.swift; sourceTree = "<group>"; };
		927859FA271740D40017BD5C /* ThreadExtension.swift */ = {isa = PBXFileReference; lastKnownFileType = sourcecode.swift; path = ThreadExtension.swift; sourceTree = "<group>"; };
		927859FF271748C80017BD5C /* UIViewControllerExtension.swift */ = {isa = PBXFileReference; lastKnownFileType = sourcecode.swift; path = UIViewControllerExtension.swift; sourceTree = "<group>"; };
		92785A04271768330017BD5C /* ImageLoader.swift */ = {isa = PBXFileReference; lastKnownFileType = sourcecode.swift; path = ImageLoader.swift; sourceTree = "<group>"; };
		92785A09271768740017BD5C /* UIImageViewExtension.swift */ = {isa = PBXFileReference; lastKnownFileType = sourcecode.swift; path = UIImageViewExtension.swift; sourceTree = "<group>"; };
		92785A0E271768C80017BD5C /* OptionalExtension.swift */ = {isa = PBXFileReference; lastKnownFileType = sourcecode.swift; path = OptionalExtension.swift; sourceTree = "<group>"; };
		92785A132717852D0017BD5C /* RestaurantDTO.swift */ = {isa = PBXFileReference; lastKnownFileType = sourcecode.swift; path = RestaurantDTO.swift; sourceTree = "<group>"; };
/* End PBXFileReference section */

/* Begin PBXFrameworksBuildPhase section */
		9278594D271617370017BD5C /* Frameworks */ = {
			isa = PBXFrameworksBuildPhase;
			buildActionMask = 2147483647;
			files = (
			);
			runOnlyForDeploymentPostprocessing = 0;
		};
		927859632716173F0017BD5C /* Frameworks */ = {
			isa = PBXFrameworksBuildPhase;
			buildActionMask = 2147483647;
			files = (
			);
			runOnlyForDeploymentPostprocessing = 0;
		};
		9278596E2716173F0017BD5C /* Frameworks */ = {
			isa = PBXFrameworksBuildPhase;
			buildActionMask = 2147483647;
			files = (
			);
			runOnlyForDeploymentPostprocessing = 0;
		};
/* End PBXFrameworksBuildPhase section */

/* Begin PBXGroup section */
		92785947271617370017BD5C = {
			isa = PBXGroup;
			children = (
				92785952271617370017BD5C /* TheForkTechnicalTest */,
				927859692716173F0017BD5C /* TheForkTechnicalTestTests */,
				927859742716173F0017BD5C /* TheForkTechnicalTestUITests */,
				92785951271617370017BD5C /* Products */,
			);
			sourceTree = "<group>";
		};
		92785951271617370017BD5C /* Products */ = {
			isa = PBXGroup;
			children = (
				92785950271617370017BD5C /* TheForkTechnicalTest.app */,
				927859662716173F0017BD5C /* TheForkTechnicalTestTests.xctest */,
				927859712716173F0017BD5C /* TheForkTechnicalTestUITests.xctest */,
			);
			name = Products;
			sourceTree = "<group>";
		};
		92785952271617370017BD5C /* TheForkTechnicalTest */ = {
			isa = PBXGroup;
			children = (
				92785992271618590017BD5C /* Coordinator */,
				92785993271618640017BD5C /* View */,
				927859942716186B0017BD5C /* ViewModel */,
				927859962716187A0017BD5C /* DTO */,
				92785995271618710017BD5C /* Model */,
				92785997271618820017BD5C /* Service */,
				92785998271618900017BD5C /* Extension */,
				927859992716189C0017BD5C /* Protocol */,
				9278599A271618A90017BD5C /* Utils */,
				92785953271617370017BD5C /* AppDelegate.swift */,
				9278595C2716173F0017BD5C /* Assets.xcassets */,
				9278595E2716173F0017BD5C /* LaunchScreen.storyboard */,
				927859612716173F0017BD5C /* Info.plist */,
				927859A827161A080017BD5C /* Localizable.strings */,
			);
			path = TheForkTechnicalTest;
			sourceTree = "<group>";
		};
		927859692716173F0017BD5C /* TheForkTechnicalTestTests */ = {
			isa = PBXGroup;
			children = (
				9278596A2716173F0017BD5C /* TheForkTechnicalTestTests.swift */,
				9278596C2716173F0017BD5C /* Info.plist */,
			);
			path = TheForkTechnicalTestTests;
			sourceTree = "<group>";
		};
		927859742716173F0017BD5C /* TheForkTechnicalTestUITests */ = {
			isa = PBXGroup;
			children = (
				927859752716173F0017BD5C /* TheForkTechnicalTestUITests.swift */,
				927859772716173F0017BD5C /* Info.plist */,
			);
			path = TheForkTechnicalTestUITests;
			sourceTree = "<group>";
		};
		92785992271618590017BD5C /* Coordinator */ = {
			isa = PBXGroup;
			children = (
				927859E0271737530017BD5C /* MainCoordinator.swift */,
			);
			path = Coordinator;
			sourceTree = "<group>";
		};
		92785993271618640017BD5C /* View */ = {
			isa = PBXGroup;
			children = (
				92785957271617370017BD5C /* ListViewController.swift */,
				927859F027173C590017BD5C /* RestaurantCell.swift */,
				9253D2392718BBB600391EC3 /* RankView.swift */,
			);
			path = View;
			sourceTree = "<group>";
		};
		927859942716186B0017BD5C /* ViewModel */ = {
			isa = PBXGroup;
			children = (
				927859E52717378C0017BD5C /* RestaurantsViewModel.swift */,
			);
			path = ViewModel;
			sourceTree = "<group>";
		};
		92785995271618710017BD5C /* Model */ = {
			isa = PBXGroup;
			children = (
				927859D127161BE20017BD5C /* Restaurant.swift */,
			);
			path = Model;
			sourceTree = "<group>";
		};
		927859962716187A0017BD5C /* DTO */ = {
			isa = PBXGroup;
			children = (
				92785A132717852D0017BD5C /* RestaurantDTO.swift */,
			);
			path = DTO;
			sourceTree = "<group>";
		};
		92785997271618820017BD5C /* Service */ = {
			isa = PBXGroup;
			children = (
				9278599E271619990017BD5C /* BaseRequest.swift */,
				927859CC27161B2A0017BD5C /* RestaurantListService.swift */,
			);
			path = Service;
			sourceTree = "<group>";
		};
		92785998271618900017BD5C /* Extension */ = {
			isa = PBXGroup;
			children = (
				927859A3271619DC0017BD5C /* StringExtension.swift */,
				927859FA271740D40017BD5C /* ThreadExtension.swift */,
				927859FF271748C80017BD5C /* UIViewControllerExtension.swift */,
				92785A09271768740017BD5C /* UIImageViewExtension.swift */,
				92785A0E271768C80017BD5C /* OptionalExtension.swift */,
			);
			path = Extension;
			sourceTree = "<group>";
		};
		927859992716189C0017BD5C /* Protocol */ = {
			isa = PBXGroup;
			children = (
				927859DB2717374A0017BD5C /* Coordinator.swift */,
				927859F527173EDC0017BD5C /* RestaurantServiceDelegate.swift */,
			);
			path = Protocol;
			sourceTree = "<group>";
		};
		9278599A271618A90017BD5C /* Utils */ = {
			isa = PBXGroup;
			children = (
				927859D6271620540017BD5C /* Environment.swift */,
				92785A04271768330017BD5C /* ImageLoader.swift */,
				9253D23127189E5200391EC3 /* UserDefaultValues.swift */,
			);
			path = Utils;
			sourceTree = "<group>";
		};
/* End PBXGroup section */

/* Begin PBXNativeTarget section */
		9278594F271617370017BD5C /* TheForkTechnicalTest */ = {
			isa = PBXNativeTarget;
			buildConfigurationList = 9278597A2716173F0017BD5C /* Build configuration list for PBXNativeTarget "TheForkTechnicalTest" */;
			buildPhases = (
				9278594C271617370017BD5C /* Sources */,
				9278594D271617370017BD5C /* Frameworks */,
				9278594E271617370017BD5C /* Resources */,
			);
			buildRules = (
			);
			dependencies = (
			);
			name = TheForkTechnicalTest;
			productName = TheForkTechnicalTest;
			productReference = 92785950271617370017BD5C /* TheForkTechnicalTest.app */;
			productType = "com.apple.product-type.application";
		};
		927859652716173F0017BD5C /* TheForkTechnicalTestTests */ = {
			isa = PBXNativeTarget;
			buildConfigurationList = 9278597D2716173F0017BD5C /* Build configuration list for PBXNativeTarget "TheForkTechnicalTestTests" */;
			buildPhases = (
				927859622716173F0017BD5C /* Sources */,
				927859632716173F0017BD5C /* Frameworks */,
				927859642716173F0017BD5C /* Resources */,
			);
			buildRules = (
			);
			dependencies = (
				927859682716173F0017BD5C /* PBXTargetDependency */,
			);
			name = TheForkTechnicalTestTests;
			productName = TheForkTechnicalTestTests;
			productReference = 927859662716173F0017BD5C /* TheForkTechnicalTestTests.xctest */;
			productType = "com.apple.product-type.bundle.unit-test";
		};
		927859702716173F0017BD5C /* TheForkTechnicalTestUITests */ = {
			isa = PBXNativeTarget;
			buildConfigurationList = 927859802716173F0017BD5C /* Build configuration list for PBXNativeTarget "TheForkTechnicalTestUITests" */;
			buildPhases = (
				9278596D2716173F0017BD5C /* Sources */,
				9278596E2716173F0017BD5C /* Frameworks */,
				9278596F2716173F0017BD5C /* Resources */,
			);
			buildRules = (
			);
			dependencies = (
				927859732716173F0017BD5C /* PBXTargetDependency */,
			);
			name = TheForkTechnicalTestUITests;
			productName = TheForkTechnicalTestUITests;
			productReference = 927859712716173F0017BD5C /* TheForkTechnicalTestUITests.xctest */;
			productType = "com.apple.product-type.bundle.ui-testing";
		};
/* End PBXNativeTarget section */

/* Begin PBXProject section */
		92785948271617370017BD5C /* Project object */ = {
			isa = PBXProject;
			attributes = {
				LastSwiftUpdateCheck = 1230;
				LastUpgradeCheck = 1230;
				TargetAttributes = {
					9278594F271617370017BD5C = {
						CreatedOnToolsVersion = 12.3;
					};
					927859652716173F0017BD5C = {
						CreatedOnToolsVersion = 12.3;
						TestTargetID = 9278594F271617370017BD5C;
					};
					927859702716173F0017BD5C = {
						CreatedOnToolsVersion = 12.3;
						TestTargetID = 9278594F271617370017BD5C;
					};
				};
			};
			buildConfigurationList = 9278594B271617370017BD5C /* Build configuration list for PBXProject "TheForkTechnicalTest" */;
			compatibilityVersion = "Xcode 9.3";
			developmentRegion = en;
			hasScannedForEncodings = 0;
			knownRegions = (
				en,
				Base,
			);
			mainGroup = 92785947271617370017BD5C;
			productRefGroup = 92785951271617370017BD5C /* Products */;
			projectDirPath = "";
			projectRoot = "";
			targets = (
				9278594F271617370017BD5C /* TheForkTechnicalTest */,
				927859652716173F0017BD5C /* TheForkTechnicalTestTests */,
				927859702716173F0017BD5C /* TheForkTechnicalTestUITests */,
			);
		};
/* End PBXProject section */

/* Begin PBXResourcesBuildPhase section */
		9278594E271617370017BD5C /* Resources */ = {
			isa = PBXResourcesBuildPhase;
			buildActionMask = 2147483647;
			files = (
				927859602716173F0017BD5C /* LaunchScreen.storyboard in Resources */,
				927859A927161A080017BD5C /* Localizable.strings in Resources */,
				9278595D2716173F0017BD5C /* Assets.xcassets in Resources */,
			);
			runOnlyForDeploymentPostprocessing = 0;
		};
		927859642716173F0017BD5C /* Resources */ = {
			isa = PBXResourcesBuildPhase;
			buildActionMask = 2147483647;
			files = (
			);
			runOnlyForDeploymentPostprocessing = 0;
		};
		9278596F2716173F0017BD5C /* Resources */ = {
			isa = PBXResourcesBuildPhase;
			buildActionMask = 2147483647;
			files = (
			);
			runOnlyForDeploymentPostprocessing = 0;
		};
/* End PBXResourcesBuildPhase section */

/* Begin PBXSourcesBuildPhase section */
		9278594C271617370017BD5C /* Sources */ = {
			isa = PBXSourcesBuildPhase;
			buildActionMask = 2147483647;
			files = (
				927859DC2717374A0017BD5C /* Coordinator.swift in Sources */,
				927859A4271619DC0017BD5C /* StringExtension.swift in Sources */,
				92785A05271768330017BD5C /* ImageLoader.swift in Sources */,
				92785958271617370017BD5C /* ListViewController.swift in Sources */,
				927859D227161BE20017BD5C /* Restaurant.swift in Sources */,
				927859FB271740D40017BD5C /* ThreadExtension.swift in Sources */,
				927859D7271620540017BD5C /* Environment.swift in Sources */,
				927859CD27161B2A0017BD5C /* RestaurantListService.swift in Sources */,
				92785954271617370017BD5C /* AppDelegate.swift in Sources */,
				927859F627173EDC0017BD5C /* RestaurantServiceDelegate.swift in Sources */,
				927859E62717378C0017BD5C /* RestaurantsViewModel.swift in Sources */,
				927859F127173C590017BD5C /* RestaurantCell.swift in Sources */,
				92785A142717852D0017BD5C /* RestaurantDTO.swift in Sources */,
				927859E1271737530017BD5C /* MainCoordinator.swift in Sources */,
				92785A00271748C80017BD5C /* UIViewControllerExtension.swift in Sources */,
				92785A0F271768C80017BD5C /* OptionalExtension.swift in Sources */,
				9253D23A2718BBB600391EC3 /* RankView.swift in Sources */,
				92785A0A271768740017BD5C /* UIImageViewExtension.swift in Sources */,
				9253D23227189E5200391EC3 /* UserDefaultValues.swift in Sources */,
				9278599F271619990017BD5C /* BaseRequest.swift in Sources */,
			);
			runOnlyForDeploymentPostprocessing = 0;
		};
		927859622716173F0017BD5C /* Sources */ = {
			isa = PBXSourcesBuildPhase;
			buildActionMask = 2147483647;
			files = (
				9278596B2716173F0017BD5C /* TheForkTechnicalTestTests.swift in Sources */,
			);
			runOnlyForDeploymentPostprocessing = 0;
		};
		9278596D2716173F0017BD5C /* Sources */ = {
			isa = PBXSourcesBuildPhase;
			buildActionMask = 2147483647;
			files = (
				927859762716173F0017BD5C /* TheForkTechnicalTestUITests.swift in Sources */,
			);
			runOnlyForDeploymentPostprocessing = 0;
		};
/* End PBXSourcesBuildPhase section */

/* Begin PBXTargetDependency section */
		927859682716173F0017BD5C /* PBXTargetDependency */ = {
			isa = PBXTargetDependency;
			target = 9278594F271617370017BD5C /* TheForkTechnicalTest */;
			targetProxy = 927859672716173F0017BD5C /* PBXContainerItemProxy */;
		};
		927859732716173F0017BD5C /* PBXTargetDependency */ = {
			isa = PBXTargetDependency;
			target = 9278594F271617370017BD5C /* TheForkTechnicalTest */;
			targetProxy = 927859722716173F0017BD5C /* PBXContainerItemProxy */;
		};
/* End PBXTargetDependency section */

/* Begin PBXVariantGroup section */
		9278595E2716173F0017BD5C /* LaunchScreen.storyboard */ = {
			isa = PBXVariantGroup;
			children = (
				9278595F2716173F0017BD5C /* Base */,
			);
			name = LaunchScreen.storyboard;
			sourceTree = "<group>";
		};
/* End PBXVariantGroup section */

/* Begin XCBuildConfiguration section */
		927859782716173F0017BD5C /* Debug */ = {
			isa = XCBuildConfiguration;
			buildSettings = {
				ALWAYS_SEARCH_USER_PATHS = NO;
				BASE_URL = "";
				CLANG_ANALYZER_NONNULL = YES;
				CLANG_ANALYZER_NUMBER_OBJECT_CONVERSION = YES_AGGRESSIVE;
				CLANG_CXX_LANGUAGE_STANDARD = "gnu++14";
				CLANG_CXX_LIBRARY = "libc++";
				CLANG_ENABLE_MODULES = YES;
				CLANG_ENABLE_OBJC_ARC = YES;
				CLANG_ENABLE_OBJC_WEAK = YES;
				CLANG_WARN_BLOCK_CAPTURE_AUTORELEASING = YES;
				CLANG_WARN_BOOL_CONVERSION = YES;
				CLANG_WARN_COMMA = YES;
				CLANG_WARN_CONSTANT_CONVERSION = YES;
				CLANG_WARN_DEPRECATED_OBJC_IMPLEMENTATIONS = YES;
				CLANG_WARN_DIRECT_OBJC_ISA_USAGE = YES_ERROR;
				CLANG_WARN_DOCUMENTATION_COMMENTS = YES;
				CLANG_WARN_EMPTY_BODY = YES;
				CLANG_WARN_ENUM_CONVERSION = YES;
				CLANG_WARN_INFINITE_RECURSION = YES;
				CLANG_WARN_INT_CONVERSION = YES;
				CLANG_WARN_NON_LITERAL_NULL_CONVERSION = YES;
				CLANG_WARN_OBJC_IMPLICIT_RETAIN_SELF = YES;
				CLANG_WARN_OBJC_LITERAL_CONVERSION = YES;
				CLANG_WARN_OBJC_ROOT_CLASS = YES_ERROR;
				CLANG_WARN_QUOTED_INCLUDE_IN_FRAMEWORK_HEADER = YES;
				CLANG_WARN_RANGE_LOOP_ANALYSIS = YES;
				CLANG_WARN_STRICT_PROTOTYPES = YES;
				CLANG_WARN_SUSPICIOUS_MOVE = YES;
				CLANG_WARN_UNGUARDED_AVAILABILITY = YES_AGGRESSIVE;
				CLANG_WARN_UNREACHABLE_CODE = YES;
				CLANG_WARN__DUPLICATE_METHOD_MATCH = YES;
				COPY_PHASE_STRIP = NO;
				DEBUG_INFORMATION_FORMAT = dwarf;
				ENABLE_STRICT_OBJC_MSGSEND = YES;
				ENABLE_TESTABILITY = YES;
				GCC_C_LANGUAGE_STANDARD = gnu11;
				GCC_DYNAMIC_NO_PIC = NO;
				GCC_NO_COMMON_BLOCKS = YES;
				GCC_OPTIMIZATION_LEVEL = 0;
				GCC_PREPROCESSOR_DEFINITIONS = (
					"DEBUG=1",
					"$(inherited)",
				);
				GCC_WARN_64_TO_32_BIT_CONVERSION = YES;
				GCC_WARN_ABOUT_RETURN_TYPE = YES_ERROR;
				GCC_WARN_UNDECLARED_SELECTOR = YES;
				GCC_WARN_UNINITIALIZED_AUTOS = YES_AGGRESSIVE;
				GCC_WARN_UNUSED_FUNCTION = YES;
				GCC_WARN_UNUSED_VARIABLE = YES;
				IPHONEOS_DEPLOYMENT_TARGET = 14.3;
				MTL_ENABLE_DEBUG_INFO = INCLUDE_SOURCE;
				MTL_FAST_MATH = YES;
				ONLY_ACTIVE_ARCH = YES;
				SDKROOT = iphoneos;
				SWIFT_ACTIVE_COMPILATION_CONDITIONS = DEBUG;
				SWIFT_OPTIMIZATION_LEVEL = "-Onone";
			};
			name = Debug;
		};
		927859792716173F0017BD5C /* Release */ = {
			isa = XCBuildConfiguration;
			buildSettings = {
				ALWAYS_SEARCH_USER_PATHS = NO;
				BASE_URL = "";
				CLANG_ANALYZER_NONNULL = YES;
				CLANG_ANALYZER_NUMBER_OBJECT_CONVERSION = YES_AGGRESSIVE;
				CLANG_CXX_LANGUAGE_STANDARD = "gnu++14";
				CLANG_CXX_LIBRARY = "libc++";
				CLANG_ENABLE_MODULES = YES;
				CLANG_ENABLE_OBJC_ARC = YES;
				CLANG_ENABLE_OBJC_WEAK = YES;
				CLANG_WARN_BLOCK_CAPTURE_AUTORELEASING = YES;
				CLANG_WARN_BOOL_CONVERSION = YES;
				CLANG_WARN_COMMA = YES;
				CLANG_WARN_CONSTANT_CONVERSION = YES;
				CLANG_WARN_DEPRECATED_OBJC_IMPLEMENTATIONS = YES;
				CLANG_WARN_DIRECT_OBJC_ISA_USAGE = YES_ERROR;
				CLANG_WARN_DOCUMENTATION_COMMENTS = YES;
				CLANG_WARN_EMPTY_BODY = YES;
				CLANG_WARN_ENUM_CONVERSION = YES;
				CLANG_WARN_INFINITE_RECURSION = YES;
				CLANG_WARN_INT_CONVERSION = YES;
				CLANG_WARN_NON_LITERAL_NULL_CONVERSION = YES;
				CLANG_WARN_OBJC_IMPLICIT_RETAIN_SELF = YES;
				CLANG_WARN_OBJC_LITERAL_CONVERSION = YES;
				CLANG_WARN_OBJC_ROOT_CLASS = YES_ERROR;
				CLANG_WARN_QUOTED_INCLUDE_IN_FRAMEWORK_HEADER = YES;
				CLANG_WARN_RANGE_LOOP_ANALYSIS = YES;
				CLANG_WARN_STRICT_PROTOTYPES = YES;
				CLANG_WARN_SUSPICIOUS_MOVE = YES;
				CLANG_WARN_UNGUARDED_AVAILABILITY = YES_AGGRESSIVE;
				CLANG_WARN_UNREACHABLE_CODE = YES;
				CLANG_WARN__DUPLICATE_METHOD_MATCH = YES;
				COPY_PHASE_STRIP = NO;
				DEBUG_INFORMATION_FORMAT = "dwarf-with-dsym";
				ENABLE_NS_ASSERTIONS = NO;
				ENABLE_STRICT_OBJC_MSGSEND = YES;
				GCC_C_LANGUAGE_STANDARD = gnu11;
				GCC_NO_COMMON_BLOCKS = YES;
				GCC_WARN_64_TO_32_BIT_CONVERSION = YES;
				GCC_WARN_ABOUT_RETURN_TYPE = YES_ERROR;
				GCC_WARN_UNDECLARED_SELECTOR = YES;
				GCC_WARN_UNINITIALIZED_AUTOS = YES_AGGRESSIVE;
				GCC_WARN_UNUSED_FUNCTION = YES;
				GCC_WARN_UNUSED_VARIABLE = YES;
				IPHONEOS_DEPLOYMENT_TARGET = 14.3;
				MTL_ENABLE_DEBUG_INFO = NO;
				MTL_FAST_MATH = YES;
				SDKROOT = iphoneos;
				SWIFT_COMPILATION_MODE = wholemodule;
				SWIFT_OPTIMIZATION_LEVEL = "-O";
				VALIDATE_PRODUCT = YES;
			};
			name = Release;
		};
		9278597B2716173F0017BD5C /* Debug */ = {
			isa = XCBuildConfiguration;
			buildSettings = {
				ASSETCATALOG_COMPILER_APPICON_NAME = AppIcon;
				ASSETCATALOG_COMPILER_GLOBAL_ACCENT_COLOR_NAME = AccentColor;
				BASE_URL = "https://alanflament.github.io/TFTest/";
				CODE_SIGN_STYLE = Automatic;
				DEVELOPMENT_TEAM = 2G7683R3B9;
				INFOPLIST_FILE = TheForkTechnicalTest/Info.plist;
				IPHONEOS_DEPLOYMENT_TARGET = 12.0;
				LD_RUNPATH_SEARCH_PATHS = (
					"$(inherited)",
					"@executable_path/Frameworks",
				);
				PRODUCT_BUNDLE_IDENTIFIER = t0ral.TheForkTechnicalTest;
				PRODUCT_NAME = "$(TARGET_NAME)";
				SWIFT_VERSION = 5.0;
				TARGETED_DEVICE_FAMILY = 1;
			};
			name = Debug;
		};
		9278597C2716173F0017BD5C /* Release */ = {
			isa = XCBuildConfiguration;
			buildSettings = {
				ASSETCATALOG_COMPILER_APPICON_NAME = AppIcon;
				ASSETCATALOG_COMPILER_GLOBAL_ACCENT_COLOR_NAME = AccentColor;
				BASE_URL = "https://alanflament.github.io/TFTest/";
				CODE_SIGN_STYLE = Automatic;
				DEVELOPMENT_TEAM = 2G7683R3B9;
				INFOPLIST_FILE = TheForkTechnicalTest/Info.plist;
				IPHONEOS_DEPLOYMENT_TARGET = 12.0;
				LD_RUNPATH_SEARCH_PATHS = (
					"$(inherited)",
					"@executable_path/Frameworks",
				);
				PRODUCT_BUNDLE_IDENTIFIER = t0ral.TheForkTechnicalTest;
				PRODUCT_NAME = "$(TARGET_NAME)";
				SWIFT_VERSION = 5.0;
				TARGETED_DEVICE_FAMILY = 1;
			};
			name = Release;
		};
		9278597E2716173F0017BD5C /* Debug */ = {
			isa = XCBuildConfiguration;
			buildSettings = {
				ALWAYS_EMBED_SWIFT_STANDARD_LIBRARIES = YES;
				BUNDLE_LOADER = "$(TEST_HOST)";
				CODE_SIGN_STYLE = Automatic;
				DEVELOPMENT_TEAM = 2G7683R3B9;
				INFOPLIST_FILE = TheForkTechnicalTestTests/Info.plist;
				IPHONEOS_DEPLOYMENT_TARGET = 14.3;
				LD_RUNPATH_SEARCH_PATHS = (
					"$(inherited)",
					"@executable_path/Frameworks",
					"@loader_path/Frameworks",
				);
				PRODUCT_BUNDLE_IDENTIFIER = t0ral.TheForkTechnicalTestTests;
				PRODUCT_NAME = "$(TARGET_NAME)";
				SWIFT_VERSION = 5.0;
				TARGETED_DEVICE_FAMILY = "1,2";
				TEST_HOST = "$(BUILT_PRODUCTS_DIR)/TheForkTechnicalTest.app/TheForkTechnicalTest";
			};
			name = Debug;
		};
		9278597F2716173F0017BD5C /* Release */ = {
			isa = XCBuildConfiguration;
			buildSettings = {
				ALWAYS_EMBED_SWIFT_STANDARD_LIBRARIES = YES;
				BUNDLE_LOADER = "$(TEST_HOST)";
				CODE_SIGN_STYLE = Automatic;
				DEVELOPMENT_TEAM = 2G7683R3B9;
				INFOPLIST_FILE = TheForkTechnicalTestTests/Info.plist;
				IPHONEOS_DEPLOYMENT_TARGET = 14.3;
				LD_RUNPATH_SEARCH_PATHS = (
					"$(inherited)",
					"@executable_path/Frameworks",
					"@loader_path/Frameworks",
				);
				PRODUCT_BUNDLE_IDENTIFIER = t0ral.TheForkTechnicalTestTests;
				PRODUCT_NAME = "$(TARGET_NAME)";
				SWIFT_VERSION = 5.0;
				TARGETED_DEVICE_FAMILY = "1,2";
				TEST_HOST = "$(BUILT_PRODUCTS_DIR)/TheForkTechnicalTest.app/TheForkTechnicalTest";
			};
			name = Release;
		};
		927859812716173F0017BD5C /* Debug */ = {
			isa = XCBuildConfiguration;
			buildSettings = {
				ALWAYS_EMBED_SWIFT_STANDARD_LIBRARIES = YES;
				CODE_SIGN_STYLE = Automatic;
				DEVELOPMENT_TEAM = 2G7683R3B9;
				INFOPLIST_FILE = TheForkTechnicalTestUITests/Info.plist;
				LD_RUNPATH_SEARCH_PATHS = (
					"$(inherited)",
					"@executable_path/Frameworks",
					"@loader_path/Frameworks",
				);
				PRODUCT_BUNDLE_IDENTIFIER = t0ral.TheForkTechnicalTestUITests;
				PRODUCT_NAME = "$(TARGET_NAME)";
				SWIFT_VERSION = 5.0;
				TARGETED_DEVICE_FAMILY = "1,2";
				TEST_TARGET_NAME = TheForkTechnicalTest;
			};
			name = Debug;
		};
		927859822716173F0017BD5C /* Release */ = {
			isa = XCBuildConfiguration;
			buildSettings = {
				ALWAYS_EMBED_SWIFT_STANDARD_LIBRARIES = YES;
				CODE_SIGN_STYLE = Automatic;
				DEVELOPMENT_TEAM = 2G7683R3B9;
				INFOPLIST_FILE = TheForkTechnicalTestUITests/Info.plist;
				LD_RUNPATH_SEARCH_PATHS = (
					"$(inherited)",
					"@executable_path/Frameworks",
					"@loader_path/Frameworks",
				);
				PRODUCT_BUNDLE_IDENTIFIER = t0ral.TheForkTechnicalTestUITests;
				PRODUCT_NAME = "$(TARGET_NAME)";
				SWIFT_VERSION = 5.0;
				TARGETED_DEVICE_FAMILY = "1,2";
				TEST_TARGET_NAME = TheForkTechnicalTest;
			};
			name = Release;
		};
/* End XCBuildConfiguration section */

/* Begin XCConfigurationList section */
		9278594B271617370017BD5C /* Build configuration list for PBXProject "TheForkTechnicalTest" */ = {
			isa = XCConfigurationList;
			buildConfigurations = (
				927859782716173F0017BD5C /* Debug */,
				927859792716173F0017BD5C /* Release */,
			);
			defaultConfigurationIsVisible = 0;
			defaultConfigurationName = Release;
		};
		9278597A2716173F0017BD5C /* Build configuration list for PBXNativeTarget "TheForkTechnicalTest" */ = {
			isa = XCConfigurationList;
			buildConfigurations = (
				9278597B2716173F0017BD5C /* Debug */,
				9278597C2716173F0017BD5C /* Release */,
			);
			defaultConfigurationIsVisible = 0;
			defaultConfigurationName = Release;
		};
		9278597D2716173F0017BD5C /* Build configuration list for PBXNativeTarget "TheForkTechnicalTestTests" */ = {
			isa = XCConfigurationList;
			buildConfigurations = (
				9278597E2716173F0017BD5C /* Debug */,
				9278597F2716173F0017BD5C /* Release */,
			);
			defaultConfigurationIsVisible = 0;
			defaultConfigurationName = Release;
		};
		927859802716173F0017BD5C /* Build configuration list for PBXNativeTarget "TheForkTechnicalTestUITests" */ = {
			isa = XCConfigurationList;
			buildConfigurations = (
				927859812716173F0017BD5C /* Debug */,
				927859822716173F0017BD5C /* Release */,
			);
			defaultConfigurationIsVisible = 0;
			defaultConfigurationName = Release;
		};
/* End XCConfigurationList section */
	};
	rootObject = 92785948271617370017BD5C /* Project object */;
}
